
Microsoft Visual Studio Solution File, Format Version 12.00
# Visual Studio Version 16
VisualStudioVersion = 16.0.34031.81
MinimumVisualStudioVersion = 10.0.40219.1
Project("{FAE04EC0-301F-11D3-BF4B-00C04F79EFBC}") = "SoccerPagesBTG", "SoccerPagesBTG\SoccerPagesBTG.csproj", "{A9446205-41CF-41AD-B114-715388877848}"
EndProject
Global
	GlobalSection(SolutionConfigurationPlatforms) = preSolution
		Debug|Any CPU = Debug|Any CPU
		Release|Any CPU = Release|Any CPU
	EndGlobalSection
	GlobalSection(ProjectConfigurationPlatforms) = postSolution
		{A9446205-41CF-41AD-B114-715388877848}.Debug|Any CPU.ActiveCfg = Debug|Any CPU
		{A9446205-41CF-41AD-B114-715388877848}.Debug|Any CPU.Build.0 = Debug|Any CPU
		{A9446205-41CF-41AD-B114-715388877848}.Release|Any CPU.ActiveCfg = Release|Any CPU
		{A9446205-41CF-41AD-B114-715388877848}.Release|Any CPU.Build.0 = Release|Any CPU
	EndGlobalSection
	GlobalSection(SolutionProperties) = preSolution
		HideSolutionNode = FALSE
	EndGlobalSection
	GlobalSection(ExtensibilityGlobals) = postSolution
		SolutionGuid = {CCADCCAF-4EBC-43BE-8D22-DD45F24A79AB}
	EndGlobalSection
EndGlobal
